
Microsoft Visual Studio Solution File, Format Version 12.00
# Visual Studio Version 16
VisualStudioVersion = 16.0.30709.132
MinimumVisualStudioVersion = 10.0.40219.1
Project("{FAE04EC0-301F-11D3-BF4B-00C04F79EFBC}") = "FoamSchedule", "FoamSchedule\FoamSchedule.csproj", "{6C652F62-F34D-47C0-B793-7F18FD948962}"
EndProject
Global
	GlobalSection(SolutionConfigurationPlatforms) = preSolution
		Debug|Any CPU = Debug|Any CPU
		Release|Any CPU = Release|Any CPU
	EndGlobalSection
	GlobalSection(ProjectConfigurationPlatforms) = postSolution
		{6C652F62-F34D-47C0-B793-7F18FD948962}.Debug|Any CPU.ActiveCfg = Debug|Any CPU
		{6C652F62-F34D-47C0-B793-7F18FD948962}.Debug|Any CPU.Build.0 = Debug|Any CPU
		{6C652F62-F34D-47C0-B793-7F18FD948962}.Release|Any CPU.ActiveCfg = Release|Any CPU
		{6C652F62-F34D-47C0-B793-7F18FD948962}.Release|Any CPU.Build.0 = Release|Any CPU
	EndGlobalSection
	GlobalSection(SolutionProperties) = preSolution
		HideSolutionNode = FALSE
	EndGlobalSection
	GlobalSection(ExtensibilityGlobals) = postSolution
		SolutionGuid = {1707D7AB-908A-481F-8D94-5DA2A26FE06D}
	EndGlobalSection
EndGlobal
